{
  "name": "datalayer-testcases",
  "version": "1.0.0",
  "lockfileVersion": 2,
  "requires": true,
  "packages": {
    "": {
      "name": "datalayer-testcases",
      "version": "1.0.0",
      "license": "ISC",
      "dependencies": {
        "datalayer": "file:../datalayer"
      }
    },
    "../datalayer": {
      "version": "1.0.0",
      "license": "ISC",
      "dependencies": {
        "oracledb": "^5.3.0"
      }
    },
    "node_modules/datalayer": {
      "resolved": "../datalayer",
      "link": true
    }
  },
  "dependencies": {
    "datalayer": {
      "version": "file:../datalayer",
      "requires": {
        "oracledb": "^5.3.0"
      }
    }
  }
}
