# THIS IS AN AUTOGENERATED FILE. DO NOT EDIT THIS FILE DIRECTLY.
# yarn lockfile v1


"datalayer@file:../datalayer":
  version "1.0.0"
  dependencies:
    oracledb "^5.3.0"

oracledb@^5.3.0:
  version "5.3.0"
  resolved "https://registry.yarnpkg.com/oracledb/-/oracledb-5.3.0.tgz#a15e6cd16757d8711a2c006a28bd7ecd3b8466f7"
  integrity sha512-HMJzQ6lCf287ztvvehTEmjCWA21FQ3RMvM+mgoqd4i8pkREuqFWO+y3ovsGR9moJUg4T0xjcwS8rl4mggWPxmg==
